
Microsoft Visual Studio Solution File, Format Version 12.00
# Visual Studio Version 16
VisualStudioVersion = 16.0.31205.134
MinimumVisualStudioVersion = 10.0.40219.1
Project("{FAE04EC0-301F-11D3-BF4B-00C04F79EFBC}") = "Produktverwaltung", "src/Produktverwaltung/Produktverwaltung.csproj", "{C0669EC4-343F-4929-856F-759604B05E61}"
EndProject
Global
	GlobalSection(SolutionConfigurationPlatforms) = preSolution
		Debug|Any CPU = Debug|Any CPU
		Release|Any CPU = Release|Any CPU
	EndGlobalSection
	GlobalSection(ProjectConfigurationPlatforms) = postSolution
		{C0669EC4-343F-4929-856F-759604B05E61}.Debug|Any CPU.ActiveCfg = Debug|Any CPU
		{C0669EC4-343F-4929-856F-759604B05E61}.Debug|Any CPU.Build.0 = Debug|Any CPU
		{C0669EC4-343F-4929-856F-759604B05E61}.Release|Any CPU.ActiveCfg = Release|Any CPU
		{C0669EC4-343F-4929-856F-759604B05E61}.Release|Any CPU.Build.0 = Release|Any CPU
	EndGlobalSection
	GlobalSection(SolutionProperties) = preSolution
		HideSolutionNode = FALSE
	EndGlobalSection
	GlobalSection(ExtensibilityGlobals) = postSolution
		SolutionGuid = {ED4D2796-7507-4E28-A1BC-29132DC5EBD2}
	EndGlobalSection
EndGlobal
